
Microsoft Visual Studio Solution File, Format Version 12.00
# Visual Studio Version 17
VisualStudioVersion = 17.5.002.0
MinimumVisualStudioVersion = 10.0.40219.1
Project("{9A19103F-16F7-4668-BE54-9A1E7A4F7556}") = "Supporte", "Supporte.csproj", "{03EAF7AC-CE63-4FC5-A73B-89C8728A813F}"
EndProject
Global
	GlobalSection(SolutionConfigurationPlatforms) = preSolution
		Debug|Any CPU = Debug|Any CPU
		Release|Any CPU = Release|Any CPU
	EndGlobalSection
	GlobalSection(ProjectConfigurationPlatforms) = postSolution
		{03EAF7AC-CE63-4FC5-A73B-89C8728A813F}.Debug|Any CPU.ActiveCfg = Debug|Any CPU
		{03EAF7AC-CE63-4FC5-A73B-89C8728A813F}.Debug|Any CPU.Build.0 = Debug|Any CPU
		{03EAF7AC-CE63-4FC5-A73B-89C8728A813F}.Release|Any CPU.ActiveCfg = Release|Any CPU
		{03EAF7AC-CE63-4FC5-A73B-89C8728A813F}.Release|Any CPU.Build.0 = Release|Any CPU
	EndGlobalSection
	GlobalSection(SolutionProperties) = preSolution
		HideSolutionNode = FALSE
	EndGlobalSection
	GlobalSection(ExtensibilityGlobals) = postSolution
		SolutionGuid = {97472890-78A9-4572-A55E-0E59B6D84639}
	EndGlobalSection
EndGlobal
